
Microsoft Visual Studio Solution File, Format Version 12.00
# Visual Studio Version 16
VisualStudioVersion = 16.0.30002.166
MinimumVisualStudioVersion = 10.0.40219.1
Project("{FAE04EC0-301F-11D3-BF4B-00C04F79EFBC}") = "AstroImage", "AstroImage\AstroImage.csproj", "{8080A5AC-9171-4776-B342-6578C1B77041}"
EndProject
Project("{FAE04EC0-301F-11D3-BF4B-00C04F79EFBC}") = "DrawingTests1", "DrawingTests1\DrawingTests1.csproj", "{54A13B19-67E3-4E60-947E-2BF7F7B98347}"
EndProject
Project("{FAE04EC0-301F-11D3-BF4B-00C04F79EFBC}") = "Architecture Diagrams", "Architecture Diagrams\Architecture Diagrams.csproj", "{D81B83D6-C0CF-46AD-9B73-62AAB8C7015A}"
EndProject
Project("{FAE04EC0-301F-11D3-BF4B-00C04F79EFBC}") = "AstroImageTests", "AstroImageTests\AstroImageTests.csproj", "{355F8753-4153-4CC8-A6E4-240355E5503F}"
EndProject
Global
	GlobalSection(SolutionConfigurationPlatforms) = preSolution
		Debug|Any CPU = Debug|Any CPU
		Release|Any CPU = Release|Any CPU
	EndGlobalSection
	GlobalSection(ProjectConfigurationPlatforms) = postSolution
		{8080A5AC-9171-4776-B342-6578C1B77041}.Debug|Any CPU.ActiveCfg = Debug|Any CPU
		{8080A5AC-9171-4776-B342-6578C1B77041}.Debug|Any CPU.Build.0 = Debug|Any CPU
		{8080A5AC-9171-4776-B342-6578C1B77041}.Release|Any CPU.ActiveCfg = Release|Any CPU
		{8080A5AC-9171-4776-B342-6578C1B77041}.Release|Any CPU.Build.0 = Release|Any CPU
		{54A13B19-67E3-4E60-947E-2BF7F7B98347}.Debug|Any CPU.ActiveCfg = Debug|Any CPU
		{54A13B19-67E3-4E60-947E-2BF7F7B98347}.Debug|Any CPU.Build.0 = Debug|Any CPU
		{54A13B19-67E3-4E60-947E-2BF7F7B98347}.Release|Any CPU.ActiveCfg = Release|Any CPU
		{54A13B19-67E3-4E60-947E-2BF7F7B98347}.Release|Any CPU.Build.0 = Release|Any CPU
		{D81B83D6-C0CF-46AD-9B73-62AAB8C7015A}.Debug|Any CPU.ActiveCfg = Debug|Any CPU
		{D81B83D6-C0CF-46AD-9B73-62AAB8C7015A}.Debug|Any CPU.Build.0 = Debug|Any CPU
		{D81B83D6-C0CF-46AD-9B73-62AAB8C7015A}.Release|Any CPU.ActiveCfg = Release|Any CPU
		{D81B83D6-C0CF-46AD-9B73-62AAB8C7015A}.Release|Any CPU.Build.0 = Release|Any CPU
		{355F8753-4153-4CC8-A6E4-240355E5503F}.Debug|Any CPU.ActiveCfg = Debug|Any CPU
		{355F8753-4153-4CC8-A6E4-240355E5503F}.Debug|Any CPU.Build.0 = Debug|Any CPU
		{355F8753-4153-4CC8-A6E4-240355E5503F}.Release|Any CPU.ActiveCfg = Release|Any CPU
		{355F8753-4153-4CC8-A6E4-240355E5503F}.Release|Any CPU.Build.0 = Release|Any CPU
	EndGlobalSection
	GlobalSection(SolutionProperties) = preSolution
		HideSolutionNode = FALSE
	EndGlobalSection
	GlobalSection(ExtensibilityGlobals) = postSolution
		SolutionGuid = {8C3C5390-9F7A-4877-9D90-67AF9CC16AB5}
	EndGlobalSection
EndGlobal
